
Microsoft Visual Studio Solution File, Format Version 12.00
# Visual Studio Version 16
VisualStudioVersion = 16.0.30204.135
MinimumVisualStudioVersion = 10.0.40219.1
Project("{9A19103F-16F7-4668-BE54-9A1E7A4F7556}") = "Isla_del_Tesoro", "Isla_del_Tesoro.csproj", "{874E5784-9F0C-4E40-8F80-E0B21A87F3C0}"
EndProject
Global
	GlobalSection(SolutionConfigurationPlatforms) = preSolution
		Debug|Any CPU = Debug|Any CPU
		Release|Any CPU = Release|Any CPU
	EndGlobalSection
	GlobalSection(ProjectConfigurationPlatforms) = postSolution
		{874E5784-9F0C-4E40-8F80-E0B21A87F3C0}.Debug|Any CPU.ActiveCfg = Release|Any CPU
		{874E5784-9F0C-4E40-8F80-E0B21A87F3C0}.Debug|Any CPU.Build.0 = Release|Any CPU
		{874E5784-9F0C-4E40-8F80-E0B21A87F3C0}.Release|Any CPU.ActiveCfg = Release|Any CPU
		{874E5784-9F0C-4E40-8F80-E0B21A87F3C0}.Release|Any CPU.Build.0 = Release|Any CPU
	EndGlobalSection
	GlobalSection(SolutionProperties) = preSolution
		HideSolutionNode = FALSE
	EndGlobalSection
	GlobalSection(ExtensibilityGlobals) = postSolution
		SolutionGuid = {29EB855F-24E0-428F-B59E-113D5C743DE4}
	EndGlobalSection
EndGlobal
